Microsoft Visual Studio Solution File, Format Version 12.00
# Visual Studio 15
VisualStudioVersion = 15.0.26430.14
MinimumVisualStudioVersion = 10.0.40219.1
Project("{FAE04EC0-301F-11D3-BF4B-00C04F79EFBC}") = "SpeakersX", "SpeakersX\SpeakersX.csproj", "{22375953-480D-4545-A269-A247AC67F281}"
EndProject
Project("{FAE04EC0-301F-11D3-BF4B-00C04F79EFBC}") = "SpeakersX.iOS", "iOS\SpeakersX.iOS.csproj", "{67D0F336-664C-4298-B2C3-02F630BE5049}"
EndProject
Project("{FAE04EC0-301F-11D3-BF4B-00C04F79EFBC}") = "SpeakersX.Droid", "Droid\SpeakersX.Droid.csproj", "{1A12ABE9-BA39-4582-A829-19CDB52983A3}"
EndProject
Global
	GlobalSection(SolutionConfigurationPlatforms) = preSolution
		Debug|Any CPU = Debug|Any CPU
		Debug|iPhone = Debug|iPhone
		Debug|iPhoneSimulator = Debug|iPhoneSimulator
		Release|Any CPU = Release|Any CPU
		Release|iPhone = Release|iPhone
		Release|iPhoneSimulator = Release|iPhoneSimulator
	EndGlobalSection
	GlobalSection(ProjectConfigurationPlatforms) = postSolution
		{22375953-480D-4545-A269-A247AC67F281}.Debug|Any CPU.ActiveCfg = Debug|Any CPU
		{22375953-480D-4545-A269-A247AC67F281}.Debug|Any CPU.Build.0 = Debug|Any CPU
		{22375953-480D-4545-A269-A247AC67F281}.Debug|iPhone.ActiveCfg = Debug|Any CPU
		{22375953-480D-4545-A269-A247AC67F281}.Debug|iPhone.Build.0 = Debug|Any CPU
		{22375953-480D-4545-A269-A247AC67F281}.Debug|iPhoneSimulator.ActiveCfg = Debug|Any CPU
		{22375953-480D-4545-A269-A247AC67F281}.Debug|iPhoneSimulator.Build.0 = Debug|Any CPU
		{22375953-480D-4545-A269-A247AC67F281}.Release|Any CPU.ActiveCfg = Release|Any CPU
		{22375953-480D-4545-A269-A247AC67F281}.Release|Any CPU.Build.0 = Release|Any CPU
		{22375953-480D-4545-A269-A247AC67F281}.Release|iPhone.ActiveCfg = Release|Any CPU
		{22375953-480D-4545-A269-A247AC67F281}.Release|iPhone.Build.0 = Release|Any CPU
		{22375953-480D-4545-A269-A247AC67F281}.Release|iPhoneSimulator.ActiveCfg = Release|Any CPU
		{22375953-480D-4545-A269-A247AC67F281}.Release|iPhoneSimulator.Build.0 = Release|Any CPU
		{67D0F336-664C-4298-B2C3-02F630BE5049}.Debug|Any CPU.ActiveCfg = Debug|iPhoneSimulator
		{67D0F336-664C-4298-B2C3-02F630BE5049}.Debug|Any CPU.Build.0 = Debug|iPhoneSimulator
		{67D0F336-664C-4298-B2C3-02F630BE5049}.Debug|iPhone.ActiveCfg = Debug|iPhone
		{67D0F336-664C-4298-B2C3-02F630BE5049}.Debug|iPhone.Build.0 = Debug|iPhone
		{67D0F336-664C-4298-B2C3-02F630BE5049}.Debug|iPhoneSimulator.ActiveCfg = Debug|iPhoneSimulator
		{67D0F336-664C-4298-B2C3-02F630BE5049}.Debug|iPhoneSimulator.Build.0 = Debug|iPhoneSimulator
		{67D0F336-664C-4298-B2C3-02F630BE5049}.Release|Any CPU.ActiveCfg = Release|iPhone
		{67D0F336-664C-4298-B2C3-02F630BE5049}.Release|Any CPU.Build.0 = Release|iPhone
		{67D0F336-664C-4298-B2C3-02F630BE5049}.Release|iPhone.ActiveCfg = Release|iPhone
		{67D0F336-664C-4298-B2C3-02F630BE5049}.Release|iPhone.Build.0 = Release|iPhone
		{67D0F336-664C-4298-B2C3-02F630BE5049}.Release|iPhoneSimulator.ActiveCfg = Release|iPhoneSimulator
		{67D0F336-664C-4298-B2C3-02F630BE5049}.Release|iPhoneSimulator.Build.0 = Release|iPhoneSimulator
		{1A12ABE9-BA39-4582-A829-19CDB52983A3}.Debug|Any CPU.ActiveCfg = Debug|Any CPU
		{1A12ABE9-BA39-4582-A829-19CDB52983A3}.Debug|Any CPU.Build.0 = Debug|Any CPU
		{1A12ABE9-BA39-4582-A829-19CDB52983A3}.Debug|Any CPU.Deploy.0 = Debug|Any CPU
		{1A12ABE9-BA39-4582-A829-19CDB52983A3}.Debug|iPhone.ActiveCfg = Debug|Any CPU
		{1A12ABE9-BA39-4582-A829-19CDB52983A3}.Debug|iPhone.Build.0 = Debug|Any CPU
		{1A12ABE9-BA39-4582-A829-19CDB52983A3}.Debug|iPhoneSimulator.ActiveCfg = Debug|Any CPU
		{1A12ABE9-BA39-4582-A829-19CDB52983A3}.Debug|iPhoneSimulator.Build.0 = Debug|Any CPU
		{1A12ABE9-BA39-4582-A829-19CDB52983A3}.Release|Any CPU.ActiveCfg = Release|Any CPU
		{1A12ABE9-BA39-4582-A829-19CDB52983A3}.Release|Any CPU.Build.0 = Release|Any CPU
		{1A12ABE9-BA39-4582-A829-19CDB52983A3}.Release|iPhone.ActiveCfg = Release|Any CPU
		{1A12ABE9-BA39-4582-A829-19CDB52983A3}.Release|iPhone.Build.0 = Release|Any CPU
		{1A12ABE9-BA39-4582-A829-19CDB52983A3}.Release|iPhoneSimulator.ActiveCfg = Release|Any CPU
		{1A12ABE9-BA39-4582-A829-19CDB52983A3}.Release|iPhoneSimulator.Build.0 = Release|Any CPU
	EndGlobalSection
	GlobalSection(SolutionProperties) = preSolution
		HideSolutionNode = FALSE
	EndGlobalSection
EndGlobal
